
Microsoft Visual Studio Solution File, Format Version 12.00
# Visual Studio Version 17
VisualStudioVersion = 17.7.34221.43
MinimumVisualStudioVersion = 10.0.40219.1
Project("{FAE04EC0-301F-11D3-BF4B-00C04F79EFBC}") = "MyMoviesAPI", "MyMoviesAPI\MyMoviesAPI.csproj", "{B8018BB5-FC3C-4930-8B96-004577168222}"
EndProject
Global
	GlobalSection(SolutionConfigurationPlatforms) = preSolution
		Debug|Any CPU = Debug|Any CPU
		Release|Any CPU = Release|Any CPU
	EndGlobalSection
	GlobalSection(ProjectConfigurationPlatforms) = postSolution
		{B8018BB5-FC3C-4930-8B96-004577168222}.Debug|Any CPU.ActiveCfg = Debug|Any CPU
		{B8018BB5-FC3C-4930-8B96-004577168222}.Debug|Any CPU.Build.0 = Debug|Any CPU
		{B8018BB5-FC3C-4930-8B96-004577168222}.Release|Any CPU.ActiveCfg = Release|Any CPU
		{B8018BB5-FC3C-4930-8B96-004577168222}.Release|Any CPU.Build.0 = Release|Any CPU
	EndGlobalSection
	GlobalSection(SolutionProperties) = preSolution
		HideSolutionNode = FALSE
	EndGlobalSection
	GlobalSection(ExtensibilityGlobals) = postSolution
		SolutionGuid = {788E3CC1-9E23-45CA-A233-81BA73684C95}
	EndGlobalSection
EndGlobal
